
Microsoft Visual Studio Solution File, Format Version 12.00
# Visual Studio 14
VisualStudioVersion = 14.0.25420.1
MinimumVisualStudioVersion = 10.0.40219.1
Project("{8BC9CEB8-8B4A-11D0-8D11-00A0C91BC942}") = "main", "main.vcxproj", "{814BCDCA-D66A-4928-AA9E-073943D1D849}"
EndProject
Project("{8BC9CEB8-8B4A-11D0-8D11-00A0C91BC942}") = "winmain", "winmain.vcxproj", "{2B249AF9-F44A-4749-810B-8FE49CD4EE8E}"
EndProject
Project("{8BC9CEB8-8B4A-11D0-8D11-00A0C91BC942}") = "dllmain", "dllmain.vcxproj", "{18E220FA-9AE5-4840-8241-4D637B11D16C}"
EndProject
Project("{8BC9CEB8-8B4A-11D0-8D11-00A0C91BC942}") = "crtfunctions", "crtfunctions.vcxproj", "{03A3BC00-4FF0-4026-B6DF-EAAF288E220E}"
EndProject
Project("{8BC9CEB8-8B4A-11D0-8D11-00A0C91BC942}") = "antidebug", "antidebug.vcxproj", "{A258796F-D4E1-4943-AAEB-2AF07DD7EA3E}"
EndProject
Global
	GlobalSection(SolutionConfigurationPlatforms) = preSolution
		Debug_MD_EH|x64 = Debug_MD_EH|x64
		Debug_MD_EH|x86 = Debug_MD_EH|x86
		Debug_MT_EH|x64 = Debug_MT_EH|x64
		Debug_MT_EH|x86 = Debug_MT_EH|x86
		Debug_MT_SEH|x64 = Debug_MT_SEH|x64
		Debug_MT_SEH|x86 = Debug_MT_SEH|x86
		Release_MD_EH|x64 = Release_MD_EH|x64
		Release_MD_EH|x86 = Release_MD_EH|x86
		Release_MT_EH|x64 = Release_MT_EH|x64
		Release_MT_EH|x86 = Release_MT_EH|x86
		Release_MT_SEH|x64 = Release_MT_SEH|x64
		Release_MT_SEH|x86 = Release_MT_SEH|x86
	EndGlobalSection
	GlobalSection(ProjectConfigurationPlatforms) = postSolution
		{814BCDCA-D66A-4928-AA9E-073943D1D849}.Debug_MD_EH|x64.ActiveCfg = Debug_MD_EH|x64
		{814BCDCA-D66A-4928-AA9E-073943D1D849}.Debug_MD_EH|x64.Build.0 = Debug_MD_EH|x64
		{814BCDCA-D66A-4928-AA9E-073943D1D849}.Debug_MD_EH|x86.ActiveCfg = Debug_MD_EH|Win32
		{814BCDCA-D66A-4928-AA9E-073943D1D849}.Debug_MD_EH|x86.Build.0 = Debug_MD_EH|Win32
		{814BCDCA-D66A-4928-AA9E-073943D1D849}.Debug_MT_EH|x64.ActiveCfg = Debug_MT_EH|x64
		{814BCDCA-D66A-4928-AA9E-073943D1D849}.Debug_MT_EH|x64.Build.0 = Debug_MT_EH|x64
		{814BCDCA-D66A-4928-AA9E-073943D1D849}.Debug_MT_EH|x86.ActiveCfg = Debug_MT_EH|Win32
		{814BCDCA-D66A-4928-AA9E-073943D1D849}.Debug_MT_EH|x86.Build.0 = Debug_MT_EH|Win32
		{814BCDCA-D66A-4928-AA9E-073943D1D849}.Debug_MT_SEH|x64.ActiveCfg = Debug_MT_SEH|x64
		{814BCDCA-D66A-4928-AA9E-073943D1D849}.Debug_MT_SEH|x64.Build.0 = Debug_MT_SEH|x64
		{814BCDCA-D66A-4928-AA9E-073943D1D849}.Debug_MT_SEH|x86.ActiveCfg = Debug_MT_SEH|Win32
		{814BCDCA-D66A-4928-AA9E-073943D1D849}.Debug_MT_SEH|x86.Build.0 = Debug_MT_SEH|Win32
		{814BCDCA-D66A-4928-AA9E-073943D1D849}.Release_MD_EH|x64.ActiveCfg = Release_MD_EH|x64
		{814BCDCA-D66A-4928-AA9E-073943D1D849}.Release_MD_EH|x64.Build.0 = Release_MD_EH|x64
		{814BCDCA-D66A-4928-AA9E-073943D1D849}.Release_MD_EH|x86.ActiveCfg = Release_MD_EH|Win32
		{814BCDCA-D66A-4928-AA9E-073943D1D849}.Release_MD_EH|x86.Build.0 = Release_MD_EH|Win32
		{814BCDCA-D66A-4928-AA9E-073943D1D849}.Release_MT_EH|x64.ActiveCfg = Release_MT_EH|x64
		{814BCDCA-D66A-4928-AA9E-073943D1D849}.Release_MT_EH|x64.Build.0 = Release_MT_EH|x64
		{814BCDCA-D66A-4928-AA9E-073943D1D849}.Release_MT_EH|x86.ActiveCfg = Release_MT_EH|Win32
		{814BCDCA-D66A-4928-AA9E-073943D1D849}.Release_MT_EH|x86.Build.0 = Release_MT_EH|Win32
		{814BCDCA-D66A-4928-AA9E-073943D1D849}.Release_MT_SEH|x64.ActiveCfg = Release_MT_SEH|x64
		{814BCDCA-D66A-4928-AA9E-073943D1D849}.Release_MT_SEH|x64.Build.0 = Release_MT_SEH|x64
		{814BCDCA-D66A-4928-AA9E-073943D1D849}.Release_MT_SEH|x86.ActiveCfg = Release_MT_SEH|Win32
		{814BCDCA-D66A-4928-AA9E-073943D1D849}.Release_MT_SEH|x86.Build.0 = Release_MT_SEH|Win32
		{2B249AF9-F44A-4749-810B-8FE49CD4EE8E}.Debug_MD_EH|x64.ActiveCfg = Debug_MD_EH|x64
		{2B249AF9-F44A-4749-810B-8FE49CD4EE8E}.Debug_MD_EH|x64.Build.0 = Debug_MD_EH|x64
		{2B249AF9-F44A-4749-810B-8FE49CD4EE8E}.Debug_MD_EH|x86.ActiveCfg = Debug_MD_EH|Win32
		{2B249AF9-F44A-4749-810B-8FE49CD4EE8E}.Debug_MD_EH|x86.Build.0 = Debug_MD_EH|Win32
		{2B249AF9-F44A-4749-810B-8FE49CD4EE8E}.Debug_MT_EH|x64.ActiveCfg = Debug_MT_EH|x64
		{2B249AF9-F44A-4749-810B-8FE49CD4EE8E}.Debug_MT_EH|x64.Build.0 = Debug_MT_EH|x64
		{2B249AF9-F44A-4749-810B-8FE49CD4EE8E}.Debug_MT_EH|x86.ActiveCfg = Debug_MT_EH|Win32
		{2B249AF9-F44A-4749-810B-8FE49CD4EE8E}.Debug_MT_EH|x86.Build.0 = Debug_MT_EH|Win32
		{2B249AF9-F44A-4749-810B-8FE49CD4EE8E}.Debug_MT_SEH|x64.ActiveCfg = Debug_MT_SEH|x64
		{2B249AF9-F44A-4749-810B-8FE49CD4EE8E}.Debug_MT_SEH|x64.Build.0 = Debug_MT_SEH|x64
		{2B249AF9-F44A-4749-810B-8FE49CD4EE8E}.Debug_MT_SEH|x86.ActiveCfg = Debug_MT_SEH|Win32
		{2B249AF9-F44A-4749-810B-8FE49CD4EE8E}.Debug_MT_SEH|x86.Build.0 = Debug_MT_SEH|Win32
		{2B249AF9-F44A-4749-810B-8FE49CD4EE8E}.Release_MD_EH|x64.ActiveCfg = Release_MD_EH|x64
		{2B249AF9-F44A-4749-810B-8FE49CD4EE8E}.Release_MD_EH|x64.Build.0 = Release_MD_EH|x64
		{2B249AF9-F44A-4749-810B-8FE49CD4EE8E}.Release_MD_EH|x86.ActiveCfg = Release_MD_EH|Win32
		{2B249AF9-F44A-4749-810B-8FE49CD4EE8E}.Release_MD_EH|x86.Build.0 = Release_MD_EH|Win32
		{2B249AF9-F44A-4749-810B-8FE49CD4EE8E}.Release_MT_EH|x64.ActiveCfg = Release_MT_EH|x64
		{2B249AF9-F44A-4749-810B-8FE49CD4EE8E}.Release_MT_EH|x64.Build.0 = Release_MT_EH|x64
		{2B249AF9-F44A-4749-810B-8FE49CD4EE8E}.Release_MT_EH|x86.ActiveCfg = Release_MT_EH|Win32
		{2B249AF9-F44A-4749-810B-8FE49CD4EE8E}.Release_MT_EH|x86.Build.0 = Release_MT_EH|Win32
		{2B249AF9-F44A-4749-810B-8FE49CD4EE8E}.Release_MT_SEH|x64.ActiveCfg = Release_MT_SEH|x64
		{2B249AF9-F44A-4749-810B-8FE49CD4EE8E}.Release_MT_SEH|x64.Build.0 = Release_MT_SEH|x64
		{2B249AF9-F44A-4749-810B-8FE49CD4EE8E}.Release_MT_SEH|x86.ActiveCfg = Release_MT_SEH|Win32
		{2B249AF9-F44A-4749-810B-8FE49CD4EE8E}.Release_MT_SEH|x86.Build.0 = Release_MT_SEH|Win32
		{18E220FA-9AE5-4840-8241-4D637B11D16C}.Debug_MD_EH|x64.ActiveCfg = Debug_MD_EH|x64
		{18E220FA-9AE5-4840-8241-4D637B11D16C}.Debug_MD_EH|x64.Build.0 = Debug_MD_EH|x64
		{18E220FA-9AE5-4840-8241-4D637B11D16C}.Debug_MD_EH|x86.ActiveCfg = Debug_MD_EH|Win32
		{18E220FA-9AE5-4840-8241-4D637B11D16C}.Debug_MD_EH|x86.Build.0 = Debug_MD_EH|Win32
		{18E220FA-9AE5-4840-8241-4D637B11D16C}.Debug_MT_EH|x64.ActiveCfg = Debug_MT_EH|x64
		{18E220FA-9AE5-4840-8241-4D637B11D16C}.Debug_MT_EH|x64.Build.0 = Debug_MT_EH|x64
		{18E220FA-9AE5-4840-8241-4D637B11D16C}.Debug_MT_EH|x86.ActiveCfg = Debug_MT_EH|Win32
		{18E220FA-9AE5-4840-8241-4D637B11D16C}.Debug_MT_EH|x86.Build.0 = Debug_MT_EH|Win32
		{18E220FA-9AE5-4840-8241-4D637B11D16C}.Debug_MT_SEH|x64.ActiveCfg = Debug_MT_SEH|x64
		{18E220FA-9AE5-4840-8241-4D637B11D16C}.Debug_MT_SEH|x64.Build.0 = Debug_MT_SEH|x64
		{18E220FA-9AE5-4840-8241-4D637B11D16C}.Debug_MT_SEH|x86.ActiveCfg = Debug_MT_SEH|Win32
		{18E220FA-9AE5-4840-8241-4D637B11D16C}.Debug_MT_SEH|x86.Build.0 = Debug_MT_SEH|Win32
		{18E220FA-9AE5-4840-8241-4D637B11D16C}.Release_MD_EH|x64.ActiveCfg = Release_MD_EH|x64
		{18E220FA-9AE5-4840-8241-4D637B11D16C}.Release_MD_EH|x64.Build.0 = Release_MD_EH|x64
		{18E220FA-9AE5-4840-8241-4D637B11D16C}.Release_MD_EH|x86.ActiveCfg = Release_MD_EH|Win32
		{18E220FA-9AE5-4840-8241-4D637B11D16C}.Release_MD_EH|x86.Build.0 = Release_MD_EH|Win32
		{18E220FA-9AE5-4840-8241-4D637B11D16C}.Release_MT_EH|x64.ActiveCfg = Release_MT_EH|x64
		{18E220FA-9AE5-4840-8241-4D637B11D16C}.Release_MT_EH|x64.Build.0 = Release_MT_EH|x64
		{18E220FA-9AE5-4840-8241-4D637B11D16C}.Release_MT_EH|x86.ActiveCfg = Release_MT_EH|Win32
		{18E220FA-9AE5-4840-8241-4D637B11D16C}.Release_MT_EH|x86.Build.0 = Release_MT_EH|Win32
		{18E220FA-9AE5-4840-8241-4D637B11D16C}.Release_MT_SEH|x64.ActiveCfg = Release_MT_SEH|x64
		{18E220FA-9AE5-4840-8241-4D637B11D16C}.Release_MT_SEH|x64.Build.0 = Release_MT_SEH|x64
		{18E220FA-9AE5-4840-8241-4D637B11D16C}.Release_MT_SEH|x86.ActiveCfg = Release_MT_SEH|Win32
		{18E220FA-9AE5-4840-8241-4D637B11D16C}.Release_MT_SEH|x86.Build.0 = Release_MT_SEH|Win32
		{03A3BC00-4FF0-4026-B6DF-EAAF288E220E}.Debug_MD_EH|x64.ActiveCfg = Debug_MD_EH|x64
		{03A3BC00-4FF0-4026-B6DF-EAAF288E220E}.Debug_MD_EH|x64.Build.0 = Debug_MD_EH|x64
		{03A3BC00-4FF0-4026-B6DF-EAAF288E220E}.Debug_MD_EH|x86.ActiveCfg = Debug_MD_EH|Win32
		{03A3BC00-4FF0-4026-B6DF-EAAF288E220E}.Debug_MD_EH|x86.Build.0 = Debug_MD_EH|Win32
		{03A3BC00-4FF0-4026-B6DF-EAAF288E220E}.Debug_MT_EH|x64.ActiveCfg = Debug_MT_EH|x64
		{03A3BC00-4FF0-4026-B6DF-EAAF288E220E}.Debug_MT_EH|x64.Build.0 = Debug_MT_EH|x64
		{03A3BC00-4FF0-4026-B6DF-EAAF288E220E}.Debug_MT_EH|x86.ActiveCfg = Debug_MT_EH|Win32
		{03A3BC00-4FF0-4026-B6DF-EAAF288E220E}.Debug_MT_EH|x86.Build.0 = Debug_MT_EH|Win32
		{03A3BC00-4FF0-4026-B6DF-EAAF288E220E}.Debug_MT_SEH|x64.ActiveCfg = Debug_MT_SEH|x64
		{03A3BC00-4FF0-4026-B6DF-EAAF288E220E}.Debug_MT_SEH|x64.Build.0 = Debug_MT_SEH|x64
		{03A3BC00-4FF0-4026-B6DF-EAAF288E220E}.Debug_MT_SEH|x86.ActiveCfg = Debug_MT_SEH|Win32
		{03A3BC00-4FF0-4026-B6DF-EAAF288E220E}.Debug_MT_SEH|x86.Build.0 = Debug_MT_SEH|Win32
		{03A3BC00-4FF0-4026-B6DF-EAAF288E220E}.Release_MD_EH|x64.ActiveCfg = Release_MD_EH|x64
		{03A3BC00-4FF0-4026-B6DF-EAAF288E220E}.Release_MD_EH|x64.Build.0 = Release_MD_EH|x64
		{03A3BC00-4FF0-4026-B6DF-EAAF288E220E}.Release_MD_EH|x86.ActiveCfg = Release_MD_EH|Win32
		{03A3BC00-4FF0-4026-B6DF-EAAF288E220E}.Release_MD_EH|x86.Build.0 = Release_MD_EH|Win32
		{03A3BC00-4FF0-4026-B6DF-EAAF288E220E}.Release_MT_EH|x64.ActiveCfg = Release_MT_EH|x64
		{03A3BC00-4FF0-4026-B6DF-EAAF288E220E}.Release_MT_EH|x64.Build.0 = Release_MT_EH|x64
		{03A3BC00-4FF0-4026-B6DF-EAAF288E220E}.Release_MT_EH|x86.ActiveCfg = Release_MT_EH|Win32
		{03A3BC00-4FF0-4026-B6DF-EAAF288E220E}.Release_MT_EH|x86.Build.0 = Release_MT_EH|Win32
		{03A3BC00-4FF0-4026-B6DF-EAAF288E220E}.Release_MT_SEH|x64.ActiveCfg = Release_MT_SEH|x64
		{03A3BC00-4FF0-4026-B6DF-EAAF288E220E}.Release_MT_SEH|x64.Build.0 = Release_MT_SEH|x64
		{03A3BC00-4FF0-4026-B6DF-EAAF288E220E}.Release_MT_SEH|x86.ActiveCfg = Release_MT_SEH|Win32
		{03A3BC00-4FF0-4026-B6DF-EAAF288E220E}.Release_MT_SEH|x86.Build.0 = Release_MT_SEH|Win32
		{A258796F-D4E1-4943-AAEB-2AF07DD7EA3E}.Debug_MD_EH|x64.ActiveCfg = Debug_MD_EH|x64
		{A258796F-D4E1-4943-AAEB-2AF07DD7EA3E}.Debug_MD_EH|x64.Build.0 = Debug_MD_EH|x64
		{A258796F-D4E1-4943-AAEB-2AF07DD7EA3E}.Debug_MD_EH|x86.ActiveCfg = Debug_MD_EH|Win32
		{A258796F-D4E1-4943-AAEB-2AF07DD7EA3E}.Debug_MD_EH|x86.Build.0 = Debug_MD_EH|Win32
		{A258796F-D4E1-4943-AAEB-2AF07DD7EA3E}.Debug_MT_EH|x64.ActiveCfg = Debug_MT_EH|x64
		{A258796F-D4E1-4943-AAEB-2AF07DD7EA3E}.Debug_MT_EH|x64.Build.0 = Debug_MT_EH|x64
		{A258796F-D4E1-4943-AAEB-2AF07DD7EA3E}.Debug_MT_EH|x86.ActiveCfg = Debug_MT_EH|Win32
		{A258796F-D4E1-4943-AAEB-2AF07DD7EA3E}.Debug_MT_EH|x86.Build.0 = Debug_MT_EH|Win32
		{A258796F-D4E1-4943-AAEB-2AF07DD7EA3E}.Debug_MT_SEH|x64.ActiveCfg = Debug_MT_SEH|x64
		{A258796F-D4E1-4943-AAEB-2AF07DD7EA3E}.Debug_MT_SEH|x64.Build.0 = Debug_MT_SEH|x64
		{A258796F-D4E1-4943-AAEB-2AF07DD7EA3E}.Debug_MT_SEH|x86.ActiveCfg = Debug_MT_SEH|Win32
		{A258796F-D4E1-4943-AAEB-2AF07DD7EA3E}.Debug_MT_SEH|x86.Build.0 = Debug_MT_SEH|Win32
		{A258796F-D4E1-4943-AAEB-2AF07DD7EA3E}.Release_MD_EH|x64.ActiveCfg = Release_MD_EH|x64
		{A258796F-D4E1-4943-AAEB-2AF07DD7EA3E}.Release_MD_EH|x64.Build.0 = Release_MD_EH|x64
		{A258796F-D4E1-4943-AAEB-2AF07DD7EA3E}.Release_MD_EH|x86.ActiveCfg = Release_MD_EH|Win32
		{A258796F-D4E1-4943-AAEB-2AF07DD7EA3E}.Release_MD_EH|x86.Build.0 = Release_MD_EH|Win32
		{A258796F-D4E1-4943-AAEB-2AF07DD7EA3E}.Release_MT_EH|x64.ActiveCfg = Release_MT_EH|x64
		{A258796F-D4E1-4943-AAEB-2AF07DD7EA3E}.Release_MT_EH|x64.Build.0 = Release_MT_EH|x64
		{A258796F-D4E1-4943-AAEB-2AF07DD7EA3E}.Release_MT_EH|x86.ActiveCfg = Release_MT_EH|Win32
		{A258796F-D4E1-4943-AAEB-2AF07DD7EA3E}.Release_MT_EH|x86.Build.0 = Release_MT_EH|Win32
		{A258796F-D4E1-4943-AAEB-2AF07DD7EA3E}.Release_MT_SEH|x64.ActiveCfg = Release_MT_SEH|x64
		{A258796F-D4E1-4943-AAEB-2AF07DD7EA3E}.Release_MT_SEH|x64.Build.0 = Release_MT_SEH|x64
		{A258796F-D4E1-4943-AAEB-2AF07DD7EA3E}.Release_MT_SEH|x86.ActiveCfg = Release_MT_SEH|Win32
		{A258796F-D4E1-4943-AAEB-2AF07DD7EA3E}.Release_MT_SEH|x86.Build.0 = Release_MT_SEH|Win32
	EndGlobalSection
	GlobalSection(SolutionProperties) = preSolution
		HideSolutionNode = FALSE
	EndGlobalSection
EndGlobal
